
Microsoft Visual Studio Solution File, Format Version 12.00
# Visual Studio Version 17
VisualStudioVersion = 17.11.35208.52
MinimumVisualStudioVersion = 10.0.40219.1
Project("{FAE04EC0-301F-11D3-BF4B-00C04F79EFBC}") = "dormitory_management_be", "dormitory_management_be\dormitory_management_be.csproj", "{FFE71FAB-B684-4B3B-8A5D-521DF2860F32}"
EndProject
Global
	GlobalSection(SolutionConfigurationPlatforms) = preSolution
		Debug|Any CPU = Debug|Any CPU
		Release|Any CPU = Release|Any CPU
	EndGlobalSection
	GlobalSection(ProjectConfigurationPlatforms) = postSolution
		{FFE71FAB-B684-4B3B-8A5D-521DF2860F32}.Debug|Any CPU.ActiveCfg = Debug|Any CPU
		{FFE71FAB-B684-4B3B-8A5D-521DF2860F32}.Debug|Any CPU.Build.0 = Debug|Any CPU
		{FFE71FAB-B684-4B3B-8A5D-521DF2860F32}.Release|Any CPU.ActiveCfg = Release|Any CPU
		{FFE71FAB-B684-4B3B-8A5D-521DF2860F32}.Release|Any CPU.Build.0 = Release|Any CPU
	EndGlobalSection
	GlobalSection(SolutionProperties) = preSolution
		HideSolutionNode = FALSE
	EndGlobalSection
	GlobalSection(ExtensibilityGlobals) = postSolution
		SolutionGuid = {BF488121-6C42-4E8F-B784-A8CB09CFB0CF}
	EndGlobalSection
EndGlobal
